
Microsoft Visual Studio Solution File, Format Version 12.00
# Visual Studio Version 17
VisualStudioVersion = 17.0.31903.59
MinimumVisualStudioVersion = 10.0.40219.1
Project("{2150E333-8FDC-42A3-9474-1A3956D46DE8}") = "Services", "Services", "{5394D9E8-D22C-4986-98DA-BB6E92BC07EB}"
EndProject
Project("{2150E333-8FDC-42A3-9474-1A3956D46DE8}") = "BookingService", "BookingService", "{A122C236-6BC5-4CF6-8480-556F5569DF7E}"
EndProject
Project("{FAE04EC0-301F-11D3-BF4B-00C04F79EFBC}") = "BookingService", "Services\BookingService\BookingService\BookingService.csproj", "{A82909D5-83FE-460F-9655-D6330CCB1588}"
EndProject
Project("{FAE04EC0-301F-11D3-BF4B-00C04F79EFBC}") = "BookingService.Tests", "Services\BookingService\BookingService.Tests\BookingService.Tests.csproj", "{4EA4A904-5DFF-4CAF-B8F9-738C9CAA4055}"
EndProject
Project("{2150E333-8FDC-42A3-9474-1A3956D46DE8}") = "IAMService", "IAMService", "{D4901A6C-EBF5-47D3-B2AC-3B49B5D58314}"
EndProject
Project("{FAE04EC0-301F-11D3-BF4B-00C04F79EFBC}") = "IAMService", "Services\IAMService\IAMService\IAMService.csproj", "{0E345FF3-ADE2-4AD0-BC1C-264ACDF88719}"
EndProject
Project("{FAE04EC0-301F-11D3-BF4B-00C04F79EFBC}") = "IAMService.Tests", "Services\IAMService\IAMService.Tests\IAMService.Tests.csproj", "{595B68BD-1FAA-483C-9867-32F039AD3C9E}"
EndProject
Project("{2150E333-8FDC-42A3-9474-1A3956D46DE8}") = "LocalsService", "LocalsService", "{D74A9BBC-8D1D-44A9-A91E-4B4680D0FC8E}"
EndProject
Project("{FAE04EC0-301F-11D3-BF4B-00C04F79EFBC}") = "LocalsService", "Services\LocalsService\LocalsService\LocalsService.csproj", "{77C67C98-9D7D-495B-8BCF-8DF119FCA8E8}"
EndProject
Project("{FAE04EC0-301F-11D3-BF4B-00C04F79EFBC}") = "LocalsService.Tests", "Services\LocalsService\LocalsService.Tests\LocalsService.Tests.csproj", "{E4240251-B1DD-4F84-8831-D67D79552011}"
EndProject
Project("{2150E333-8FDC-42A3-9474-1A3956D46DE8}") = "NotificationService", "NotificationService", "{285C54B1-583F-4CF0-ACCF-007E444F48C5}"
EndProject
Project("{FAE04EC0-301F-11D3-BF4B-00C04F79EFBC}") = "NotificationService", "Services\NotificationService\NotificationService\NotificationService.csproj", "{6F4CF2B2-76ED-4E3E-8C43-6123997A7FE7}"
EndProject
Project("{FAE04EC0-301F-11D3-BF4B-00C04F79EFBC}") = "NotificationService.Tests", "Services\NotificationService\NotificationService.Tests\NotificationService.Tests.csproj", "{BC692826-CD93-463F-83C3-945E4CD029E2}"
EndProject
Project("{2150E333-8FDC-42A3-9474-1A3956D46DE8}") = "ProfilesService", "ProfilesService", "{38ED98F3-0305-42B5-8FA6-1A35466B289C}"
EndProject
Project("{FAE04EC0-301F-11D3-BF4B-00C04F79EFBC}") = "ProfilesService", "Services\ProfilesService\ProfilesService\ProfilesService.csproj", "{17B68F40-9589-412A-8669-C2016FFED50C}"
EndProject
Project("{FAE04EC0-301F-11D3-BF4B-00C04F79EFBC}") = "ProfilesService.Tests", "Services\ProfilesService\ProfilesService.Tests\ProfilesService.Tests.csproj", "{6091A1BF-41CB-49D7-9238-42441D6BF31E}"
EndProject
Project("{2150E333-8FDC-42A3-9474-1A3956D46DE8}") = "SubscriptionsService", "SubscriptionsService", "{B6CF4FEC-7DC0-4E3B-97AF-29750734555E}"
EndProject
Project("{FAE04EC0-301F-11D3-BF4B-00C04F79EFBC}") = "SubscriptionsService", "Services\SubscriptionsService\SubscriptionsService\SubscriptionsService.csproj", "{27385B28-DA9A-4D58-A34D-882FB46BE0E4}"
EndProject
Project("{FAE04EC0-301F-11D3-BF4B-00C04F79EFBC}") = "SubscriptionsService.Tests", "Services\SubscriptionsService\SubscriptionsService.Tests\SubscriptionsService.Tests.csproj", "{E3DD77CC-C223-42C6-B06E-345C0BDF0342}"
EndProject
Project("{FAE04EC0-301F-11D3-BF4B-00C04F79EFBC}") = "Shared", "Shared\Shared.csproj", "{4B6B94A3-BEAF-41C3-AFDE-FFA73D96E32F}"
EndProject
Project("{FAE04EC0-301F-11D3-BF4B-00C04F79EFBC}") = "ApiGateway", "ApiGateway\ApiGateway.csproj", "{3CFE1002-1F59-4C07-BBAB-B31EA7450858}"
EndProject
Global
	GlobalSection(SolutionConfigurationPlatforms) = preSolution
		Debug|Any CPU = Debug|Any CPU
		Release|Any CPU = Release|Any CPU
	EndGlobalSection
	GlobalSection(SolutionProperties) = preSolution
		HideSolutionNode = FALSE
	EndGlobalSection
	GlobalSection(ProjectConfigurationPlatforms) = postSolution
		{A82909D5-83FE-460F-9655-D6330CCB1588}.Debug|Any CPU.ActiveCfg = Debug|Any CPU
		{A82909D5-83FE-460F-9655-D6330CCB1588}.Debug|Any CPU.Build.0 = Debug|Any CPU
		{A82909D5-83FE-460F-9655-D6330CCB1588}.Release|Any CPU.ActiveCfg = Release|Any CPU
		{A82909D5-83FE-460F-9655-D6330CCB1588}.Release|Any CPU.Build.0 = Release|Any CPU
		{4EA4A904-5DFF-4CAF-B8F9-738C9CAA4055}.Debug|Any CPU.ActiveCfg = Debug|Any CPU
		{4EA4A904-5DFF-4CAF-B8F9-738C9CAA4055}.Debug|Any CPU.Build.0 = Debug|Any CPU
		{4EA4A904-5DFF-4CAF-B8F9-738C9CAA4055}.Release|Any CPU.ActiveCfg = Release|Any CPU
		{4EA4A904-5DFF-4CAF-B8F9-738C9CAA4055}.Release|Any CPU.Build.0 = Release|Any CPU
		{0E345FF3-ADE2-4AD0-BC1C-264ACDF88719}.Debug|Any CPU.ActiveCfg = Debug|Any CPU
		{0E345FF3-ADE2-4AD0-BC1C-264ACDF88719}.Debug|Any CPU.Build.0 = Debug|Any CPU
		{0E345FF3-ADE2-4AD0-BC1C-264ACDF88719}.Release|Any CPU.ActiveCfg = Release|Any CPU
		{0E345FF3-ADE2-4AD0-BC1C-264ACDF88719}.Release|Any CPU.Build.0 = Release|Any CPU
		{595B68BD-1FAA-483C-9867-32F039AD3C9E}.Debug|Any CPU.ActiveCfg = Debug|Any CPU
		{595B68BD-1FAA-483C-9867-32F039AD3C9E}.Debug|Any CPU.Build.0 = Debug|Any CPU
		{595B68BD-1FAA-483C-9867-32F039AD3C9E}.Release|Any CPU.ActiveCfg = Release|Any CPU
		{595B68BD-1FAA-483C-9867-32F039AD3C9E}.Release|Any CPU.Build.0 = Release|Any CPU
		{77C67C98-9D7D-495B-8BCF-8DF119FCA8E8}.Debug|Any CPU.ActiveCfg = Debug|Any CPU
		{77C67C98-9D7D-495B-8BCF-8DF119FCA8E8}.Debug|Any CPU.Build.0 = Debug|Any CPU
		{77C67C98-9D7D-495B-8BCF-8DF119FCA8E8}.Release|Any CPU.ActiveCfg = Release|Any CPU
		{77C67C98-9D7D-495B-8BCF-8DF119FCA8E8}.Release|Any CPU.Build.0 = Release|Any CPU
		{E4240251-B1DD-4F84-8831-D67D79552011}.Debug|Any CPU.ActiveCfg = Debug|Any CPU
		{E4240251-B1DD-4F84-8831-D67D79552011}.Debug|Any CPU.Build.0 = Debug|Any CPU
		{E4240251-B1DD-4F84-8831-D67D79552011}.Release|Any CPU.ActiveCfg = Release|Any CPU
		{E4240251-B1DD-4F84-8831-D67D79552011}.Release|Any CPU.Build.0 = Release|Any CPU
		{6F4CF2B2-76ED-4E3E-8C43-6123997A7FE7}.Debug|Any CPU.ActiveCfg = Debug|Any CPU
		{6F4CF2B2-76ED-4E3E-8C43-6123997A7FE7}.Debug|Any CPU.Build.0 = Debug|Any CPU
		{6F4CF2B2-76ED-4E3E-8C43-6123997A7FE7}.Release|Any CPU.ActiveCfg = Release|Any CPU
		{6F4CF2B2-76ED-4E3E-8C43-6123997A7FE7}.Release|Any CPU.Build.0 = Release|Any CPU
		{BC692826-CD93-463F-83C3-945E4CD029E2}.Debug|Any CPU.ActiveCfg = Debug|Any CPU
		{BC692826-CD93-463F-83C3-945E4CD029E2}.Debug|Any CPU.Build.0 = Debug|Any CPU
		{BC692826-CD93-463F-83C3-945E4CD029E2}.Release|Any CPU.ActiveCfg = Release|Any CPU
		{BC692826-CD93-463F-83C3-945E4CD029E2}.Release|Any CPU.Build.0 = Release|Any CPU
		{17B68F40-9589-412A-8669-C2016FFED50C}.Debug|Any CPU.ActiveCfg = Debug|Any CPU
		{17B68F40-9589-412A-8669-C2016FFED50C}.Debug|Any CPU.Build.0 = Debug|Any CPU
		{17B68F40-9589-412A-8669-C2016FFED50C}.Release|Any CPU.ActiveCfg = Release|Any CPU
		{17B68F40-9589-412A-8669-C2016FFED50C}.Release|Any CPU.Build.0 = Release|Any CPU
		{6091A1BF-41CB-49D7-9238-42441D6BF31E}.Debug|Any CPU.ActiveCfg = Debug|Any CPU
		{6091A1BF-41CB-49D7-9238-42441D6BF31E}.Debug|Any CPU.Build.0 = Debug|Any CPU
		{6091A1BF-41CB-49D7-9238-42441D6BF31E}.Release|Any CPU.ActiveCfg = Release|Any CPU
		{6091A1BF-41CB-49D7-9238-42441D6BF31E}.Release|Any CPU.Build.0 = Release|Any CPU
		{27385B28-DA9A-4D58-A34D-882FB46BE0E4}.Debug|Any CPU.ActiveCfg = Debug|Any CPU
		{27385B28-DA9A-4D58-A34D-882FB46BE0E4}.Debug|Any CPU.Build.0 = Debug|Any CPU
		{27385B28-DA9A-4D58-A34D-882FB46BE0E4}.Release|Any CPU.ActiveCfg = Release|Any CPU
		{27385B28-DA9A-4D58-A34D-882FB46BE0E4}.Release|Any CPU.Build.0 = Release|Any CPU
		{E3DD77CC-C223-42C6-B06E-345C0BDF0342}.Debug|Any CPU.ActiveCfg = Debug|Any CPU
		{E3DD77CC-C223-42C6-B06E-345C0BDF0342}.Debug|Any CPU.Build.0 = Debug|Any CPU
		{E3DD77CC-C223-42C6-B06E-345C0BDF0342}.Release|Any CPU.ActiveCfg = Release|Any CPU
		{E3DD77CC-C223-42C6-B06E-345C0BDF0342}.Release|Any CPU.Build.0 = Release|Any CPU
		{4B6B94A3-BEAF-41C3-AFDE-FFA73D96E32F}.Debug|Any CPU.ActiveCfg = Debug|Any CPU
		{4B6B94A3-BEAF-41C3-AFDE-FFA73D96E32F}.Debug|Any CPU.Build.0 = Debug|Any CPU
		{4B6B94A3-BEAF-41C3-AFDE-FFA73D96E32F}.Release|Any CPU.ActiveCfg = Release|Any CPU
		{4B6B94A3-BEAF-41C3-AFDE-FFA73D96E32F}.Release|Any CPU.Build.0 = Release|Any CPU
		{3CFE1002-1F59-4C07-BBAB-B31EA7450858}.Debug|Any CPU.ActiveCfg = Debug|Any CPU
		{3CFE1002-1F59-4C07-BBAB-B31EA7450858}.Debug|Any CPU.Build.0 = Debug|Any CPU
		{3CFE1002-1F59-4C07-BBAB-B31EA7450858}.Release|Any CPU.ActiveCfg = Release|Any CPU
		{3CFE1002-1F59-4C07-BBAB-B31EA7450858}.Release|Any CPU.Build.0 = Release|Any CPU
	EndGlobalSection
	GlobalSection(NestedProjects) = preSolution
		{A122C236-6BC5-4CF6-8480-556F5569DF7E} = {5394D9E8-D22C-4986-98DA-BB6E92BC07EB}
		{A82909D5-83FE-460F-9655-D6330CCB1588} = {A122C236-6BC5-4CF6-8480-556F5569DF7E}
		{4EA4A904-5DFF-4CAF-B8F9-738C9CAA4055} = {A122C236-6BC5-4CF6-8480-556F5569DF7E}
		{D4901A6C-EBF5-47D3-B2AC-3B49B5D58314} = {5394D9E8-D22C-4986-98DA-BB6E92BC07EB}
		{0E345FF3-ADE2-4AD0-BC1C-264ACDF88719} = {D4901A6C-EBF5-47D3-B2AC-3B49B5D58314}
		{595B68BD-1FAA-483C-9867-32F039AD3C9E} = {D4901A6C-EBF5-47D3-B2AC-3B49B5D58314}
		{D74A9BBC-8D1D-44A9-A91E-4B4680D0FC8E} = {5394D9E8-D22C-4986-98DA-BB6E92BC07EB}
		{77C67C98-9D7D-495B-8BCF-8DF119FCA8E8} = {D74A9BBC-8D1D-44A9-A91E-4B4680D0FC8E}
		{E4240251-B1DD-4F84-8831-D67D79552011} = {D74A9BBC-8D1D-44A9-A91E-4B4680D0FC8E}
		{285C54B1-583F-4CF0-ACCF-007E444F48C5} = {5394D9E8-D22C-4986-98DA-BB6E92BC07EB}
		{6F4CF2B2-76ED-4E3E-8C43-6123997A7FE7} = {285C54B1-583F-4CF0-ACCF-007E444F48C5}
		{BC692826-CD93-463F-83C3-945E4CD029E2} = {285C54B1-583F-4CF0-ACCF-007E444F48C5}
		{38ED98F3-0305-42B5-8FA6-1A35466B289C} = {5394D9E8-D22C-4986-98DA-BB6E92BC07EB}
		{17B68F40-9589-412A-8669-C2016FFED50C} = {38ED98F3-0305-42B5-8FA6-1A35466B289C}
		{6091A1BF-41CB-49D7-9238-42441D6BF31E} = {38ED98F3-0305-42B5-8FA6-1A35466B289C}
		{B6CF4FEC-7DC0-4E3B-97AF-29750734555E} = {5394D9E8-D22C-4986-98DA-BB6E92BC07EB}
		{27385B28-DA9A-4D58-A34D-882FB46BE0E4} = {B6CF4FEC-7DC0-4E3B-97AF-29750734555E}
		{E3DD77CC-C223-42C6-B06E-345C0BDF0342} = {B6CF4FEC-7DC0-4E3B-97AF-29750734555E}
	EndGlobalSection
EndGlobal
